# THIS IS AN AUTOGENERATED FILE. DO NOT EDIT THIS FILE DIRECTLY.
# yarn lockfile v1


bootstrap@3.3.7:
  version "3.3.7"
  resolved "https://registry.yarnpkg.com/bootstrap/-/bootstrap-3.3.7.tgz#5a389394549f23330875a3b150656574f8a9eb71"
  integrity sha1-WjiTlFSfIzMIdaOxUGVldPip63E=

font-awesome@4.3.0:
  version "4.3.0"
  resolved "https://registry.yarnpkg.com/font-awesome/-/font-awesome-4.3.0.tgz#44eeb790cdf986642786f33fce784764f1841c40"
  integrity sha1-RO63kM35hmQnhvM/znhHZPGEHEA=

jquery@>=1.12.0, jquery@^3.3.1:
  version "3.4.1"
  resolved "https://registry.yarnpkg.com/jquery/-/jquery-3.4.1.tgz#714f1f8d9dde4bdfa55764ba37ef214630d80ef2"
  integrity sha512-36+AdBzCL+y6qjw5Tx7HgzeGCzC81MDDgaUP8ld2zhx58HdqXGoBd+tHdrBMiyjGQs0Hxs/MLZTu/eHNJJuWPw==

svg.js@1.0.0:
  version "1.0.0"
  resolved "https://registry.yarnpkg.com/svg.js/-/svg.js-1.0.0.tgz#1d38e1ccb31a18e57564bfea05a1c6c298e1a30e"
  integrity sha1-HTjhzLMaGOV1ZL/qBaHGwpjhow4=

toastr@^2.1.4:
  version "2.1.4"
  resolved "https://registry.yarnpkg.com/toastr/-/toastr-2.1.4.tgz#8b43be64fb9d0c414871446f2db8e8ca4e95f181"
  integrity sha1-i0O+ZPudDEFIcURvLbjoyk6V8YE=
  dependencies:
    jquery ">=1.12.0"
